
Microsoft Visual Studio Solution File, Format Version 12.00
# Visual Studio Version 17
VisualStudioVersion = 17.0.31903.59
MinimumVisualStudioVersion = 10.0.40219.1
Project("{FAE04EC0-301F-11D3-BF4B-00C04F79EFBC}") = "ExternalUserService", "ExternalUserService\ExternalUserService.csproj", "{0C7FA722-7F0B-4416-90C9-D71738DD6E6E}"
EndProject
Project("{FAE04EC0-301F-11D3-BF4B-00C04F79EFBC}") = "ExternalUserService.Tests", "ExternalUserService.Tests\ExternalUserService.Tests.csproj", "{FF6978E9-C716-46DA-934C-F9F7D185D41B}"
EndProject
Project("{FAE04EC0-301F-11D3-BF4B-00C04F79EFBC}") = "ExternalUserService.ConsoleApp", "ExternalUserService.ConsoleApp\ExternalUserService.ConsoleApp.csproj", "{B6AB480C-2346-4B66-BA7D-453DC48BF40C}"
EndProject
Global
	GlobalSection(SolutionConfigurationPlatforms) = preSolution
		Debug|Any CPU = Debug|Any CPU
		Debug|x64 = Debug|x64
		Debug|x86 = Debug|x86
		Release|Any CPU = Release|Any CPU
		Release|x64 = Release|x64
		Release|x86 = Release|x86
	EndGlobalSection
	GlobalSection(ProjectConfigurationPlatforms) = postSolution
		{0C7FA722-7F0B-4416-90C9-D71738DD6E6E}.Debug|Any CPU.ActiveCfg = Debug|Any CPU
		{0C7FA722-7F0B-4416-90C9-D71738DD6E6E}.Debug|Any CPU.Build.0 = Debug|Any CPU
		{0C7FA722-7F0B-4416-90C9-D71738DD6E6E}.Debug|x64.ActiveCfg = Debug|Any CPU
		{0C7FA722-7F0B-4416-90C9-D71738DD6E6E}.Debug|x64.Build.0 = Debug|Any CPU
		{0C7FA722-7F0B-4416-90C9-D71738DD6E6E}.Debug|x86.ActiveCfg = Debug|Any CPU
		{0C7FA722-7F0B-4416-90C9-D71738DD6E6E}.Debug|x86.Build.0 = Debug|Any CPU
		{0C7FA722-7F0B-4416-90C9-D71738DD6E6E}.Release|Any CPU.ActiveCfg = Release|Any CPU
		{0C7FA722-7F0B-4416-90C9-D71738DD6E6E}.Release|Any CPU.Build.0 = Release|Any CPU
		{0C7FA722-7F0B-4416-90C9-D71738DD6E6E}.Release|x64.ActiveCfg = Release|Any CPU
		{0C7FA722-7F0B-4416-90C9-D71738DD6E6E}.Release|x64.Build.0 = Release|Any CPU
		{0C7FA722-7F0B-4416-90C9-D71738DD6E6E}.Release|x86.ActiveCfg = Release|Any CPU
		{0C7FA722-7F0B-4416-90C9-D71738DD6E6E}.Release|x86.Build.0 = Release|Any CPU
		{FF6978E9-C716-46DA-934C-F9F7D185D41B}.Debug|Any CPU.ActiveCfg = Debug|Any CPU
		{FF6978E9-C716-46DA-934C-F9F7D185D41B}.Debug|Any CPU.Build.0 = Debug|Any CPU
		{FF6978E9-C716-46DA-934C-F9F7D185D41B}.Debug|x64.ActiveCfg = Debug|Any CPU
		{FF6978E9-C716-46DA-934C-F9F7D185D41B}.Debug|x64.Build.0 = Debug|Any CPU
		{FF6978E9-C716-46DA-934C-F9F7D185D41B}.Debug|x86.ActiveCfg = Debug|Any CPU
		{FF6978E9-C716-46DA-934C-F9F7D185D41B}.Debug|x86.Build.0 = Debug|Any CPU
		{FF6978E9-C716-46DA-934C-F9F7D185D41B}.Release|Any CPU.ActiveCfg = Release|Any CPU
		{FF6978E9-C716-46DA-934C-F9F7D185D41B}.Release|Any CPU.Build.0 = Release|Any CPU
		{FF6978E9-C716-46DA-934C-F9F7D185D41B}.Release|x64.ActiveCfg = Release|Any CPU
		{FF6978E9-C716-46DA-934C-F9F7D185D41B}.Release|x64.Build.0 = Release|Any CPU
		{FF6978E9-C716-46DA-934C-F9F7D185D41B}.Release|x86.ActiveCfg = Release|Any CPU
		{FF6978E9-C716-46DA-934C-F9F7D185D41B}.Release|x86.Build.0 = Release|Any CPU
		{B6AB480C-2346-4B66-BA7D-453DC48BF40C}.Debug|Any CPU.ActiveCfg = Debug|Any CPU
		{B6AB480C-2346-4B66-BA7D-453DC48BF40C}.Debug|Any CPU.Build.0 = Debug|Any CPU
		{B6AB480C-2346-4B66-BA7D-453DC48BF40C}.Debug|x64.ActiveCfg = Debug|Any CPU
		{B6AB480C-2346-4B66-BA7D-453DC48BF40C}.Debug|x64.Build.0 = Debug|Any CPU
		{B6AB480C-2346-4B66-BA7D-453DC48BF40C}.Debug|x86.ActiveCfg = Debug|Any CPU
		{B6AB480C-2346-4B66-BA7D-453DC48BF40C}.Debug|x86.Build.0 = Debug|Any CPU
		{B6AB480C-2346-4B66-BA7D-453DC48BF40C}.Release|Any CPU.ActiveCfg = Release|Any CPU
		{B6AB480C-2346-4B66-BA7D-453DC48BF40C}.Release|Any CPU.Build.0 = Release|Any CPU
		{B6AB480C-2346-4B66-BA7D-453DC48BF40C}.Release|x64.ActiveCfg = Release|Any CPU
		{B6AB480C-2346-4B66-BA7D-453DC48BF40C}.Release|x64.Build.0 = Release|Any CPU
		{B6AB480C-2346-4B66-BA7D-453DC48BF40C}.Release|x86.ActiveCfg = Release|Any CPU
		{B6AB480C-2346-4B66-BA7D-453DC48BF40C}.Release|x86.Build.0 = Release|Any CPU
	EndGlobalSection
	GlobalSection(SolutionProperties) = preSolution
		HideSolutionNode = FALSE
	EndGlobalSection
	GlobalSection(ExtensibilityGlobals) = postSolution
		SolutionGuid = {907A18D4-15FC-48CE-9732-0781B9C908EF}
	EndGlobalSection
EndGlobal
